{
  "requires": true,
  "lockfileVersion": 1,
  "dependencies": {
    "buefy": {
      "version": "0.6.7",
      "resolved": "https://registry.npmjs.org/buefy/-/buefy-0.6.7.tgz",
      "integrity": "sha512-/d8srEpXAXWQjquHNP3ic9AVzwj8ar+jHfc7YjbspHT1AVeY3CDmzY2R1Am8ICnhioKAjRUfIie2/I9DiytXMQ==",
      "requires": {
        "bulma": "0.7.1"
      }
    },
    "bulma": {
      "version": "0.7.1",
      "resolved": "https://registry.npmjs.org/bulma/-/bulma-0.7.1.tgz",
      "integrity": "sha512-wRSO2LXB+qI9Pyz2id+uZr4quz5aftSN7Ay1ysr1+krzVp3utD+Ci4CeKuZdrYGc800t65b7heXBL6qw2Wo/lQ=="
    }
  }
}
